// !$*UTF8*$!
{
	archiveVersion = 1;
	classes = {
	};
	objectVersion = 46;
	objects = {

/* Begin PBXBuildFile section */
		OBJ_37 /* main.swift in Sources */ = {isa = PBXBuildFile; fileRef = OBJ_9 /* main.swift */; };
		OBJ_39 /* Parsec.framework in Frameworks */ = {isa = PBXBuildFile; fileRef = OBJ_31 /* Parsec.framework */; };
		OBJ_47 /* main.swift in Sources */ = {isa = PBXBuildFile; fileRef = OBJ_11 /* main.swift */; };
		OBJ_49 /* Parsec.framework in Frameworks */ = {isa = PBXBuildFile; fileRef = OBJ_31 /* Parsec.framework */; };
		OBJ_56 /* main.swift in Sources */ = {isa = PBXBuildFile; fileRef = OBJ_13 /* main.swift */; };
		OBJ_58 /* Parsec.framework in Frameworks */ = {isa = PBXBuildFile; fileRef = OBJ_31 /* Parsec.framework */; };
		OBJ_64 /* Character.swift in Sources */ = {isa = PBXBuildFile; fileRef = OBJ_15 /* Character.swift */; };
		OBJ_65 /* Combinator.swift in Sources */ = {isa = PBXBuildFile; fileRef = OBJ_16 /* Combinator.swift */; };
		OBJ_66 /* Compatibility.swift in Sources */ = {isa = PBXBuildFile; fileRef = OBJ_17 /* Compatibility.swift */; };
		OBJ_67 /* Error.swift in Sources */ = {isa = PBXBuildFile; fileRef = OBJ_18 /* Error.swift */; };
		OBJ_68 /* Primitive.swift in Sources */ = {isa = PBXBuildFile; fileRef = OBJ_19 /* Primitive.swift */; };
		OBJ_69 /* SourcePos.swift in Sources */ = {isa = PBXBuildFile; fileRef = OBJ_20 /* SourcePos.swift */; };
		OBJ_70 /* String.swift in Sources */ = {isa = PBXBuildFile; fileRef = OBJ_21 /* String.swift */; };
/* End PBXBuildFile section */

/* Begin PBXContainerItemProxy section */
		D8868E581E1ED499008FA7DD /* PBXContainerItemProxy */ = {
			isa = PBXContainerItemProxy;
			containerPortal = OBJ_1 /* Project object */;
			proxyType = 1;
			remoteGlobalIDString = OBJ_41;
			remoteInfo = Parsec;
		};
		D8868E591E1ED499008FA7DD /* PBXContainerItemProxy */ = {
			isa = PBXContainerItemProxy;
			containerPortal = OBJ_1 /* Project object */;
			proxyType = 1;
			remoteGlobalIDString = OBJ_41;
			remoteInfo = Parsec;
		};
		D8868E5A1E1ED499008FA7DD /* PBXContainerItemProxy */ = {
			isa = PBXContainerItemProxy;
			containerPortal = OBJ_1 /* Project object */;
			proxyType = 1;
			remoteGlobalIDString = OBJ_41;
			remoteInfo = Parsec;
		};
/* End PBXContainerItemProxy section */

/* Begin PBXFileReference section */
		OBJ_11 /* main.swift */ = {isa = PBXFileReference; lastKnownFileType = sourcecode.swift; path = main.swift; sourceTree = "<group>"; };
		OBJ_13 /* main.swift */ = {isa = PBXFileReference; lastKnownFileType = sourcecode.swift; path = main.swift; sourceTree = "<group>"; };
		OBJ_15 /* Character.swift */ = {isa = PBXFileReference; lastKnownFileType = sourcecode.swift; path = Character.swift; sourceTree = "<group>"; };
		OBJ_16 /* Combinator.swift */ = {isa = PBXFileReference; lastKnownFileType = sourcecode.swift; path = Combinator.swift; sourceTree = "<group>"; };
		OBJ_17 /* Compatibility.swift */ = {isa = PBXFileReference; lastKnownFileType = sourcecode.swift; path = Compatibility.swift; sourceTree = "<group>"; };
		OBJ_18 /* Error.swift */ = {isa = PBXFileReference; lastKnownFileType = sourcecode.swift; path = Error.swift; sourceTree = "<group>"; };
		OBJ_19 /* Primitive.swift */ = {isa = PBXFileReference; lastKnownFileType = sourcecode.swift; path = Primitive.swift; sourceTree = "<group>"; };
		OBJ_20 /* SourcePos.swift */ = {isa = PBXFileReference; lastKnownFileType = sourcecode.swift; path = SourcePos.swift; sourceTree = "<group>"; };
		OBJ_21 /* String.swift */ = {isa = PBXFileReference; lastKnownFileType = sourcecode.swift; path = String.swift; sourceTree = "<group>"; };
		OBJ_23 /* example-csv-advanced */ = {isa = PBXFileReference; lastKnownFileType = folder; path = "example-csv-advanced"; sourceTree = SOURCE_ROOT; };
		OBJ_24 /* example-csv-simple */ = {isa = PBXFileReference; lastKnownFileType = folder; path = "example-csv-simple"; sourceTree = SOURCE_ROOT; };
		OBJ_25 /* example-json */ = {isa = PBXFileReference; lastKnownFileType = folder; path = "example-json"; sourceTree = SOURCE_ROOT; };
		OBJ_26 /* Parsec */ = {isa = PBXFileReference; lastKnownFileType = folder; path = Parsec; sourceTree = SOURCE_ROOT; };
		OBJ_28 /* example-csv-advanced */ = {isa = PBXFileReference; lastKnownFileType = text; path = "example-csv-advanced"; sourceTree = BUILT_PRODUCTS_DIR; };
		OBJ_29 /* example-csv-simple */ = {isa = PBXFileReference; lastKnownFileType = text; path = "example-csv-simple"; sourceTree = BUILT_PRODUCTS_DIR; };
		OBJ_30 /* example-json */ = {isa = PBXFileReference; lastKnownFileType = text; path = "example-json"; sourceTree = BUILT_PRODUCTS_DIR; };
		OBJ_31 /* Parsec.framework */ = {isa = PBXFileReference; explicitFileType = wrapper.framework; path = Parsec.framework; sourceTree = BUILT_PRODUCTS_DIR; };
		OBJ_6 /* Package.swift */ = {isa = PBXFileReference; explicitFileType = sourcecode.swift; path = Package.swift; sourceTree = "<group>"; };
		OBJ_9 /* main.swift */ = {isa = PBXFileReference; lastKnownFileType = sourcecode.swift; path = main.swift; sourceTree = "<group>"; };
/* End PBXFileReference section */

/* Begin PBXFrameworksBuildPhase section */
		OBJ_38 /* Frameworks */ = {
			isa = PBXFrameworksBuildPhase;
			buildActionMask = 0;
			files = (
				OBJ_39 /* Parsec.framework in Frameworks */,
			);
			runOnlyForDeploymentPostprocessing = 0;
		};
		OBJ_48 /* Frameworks */ = {
			isa = PBXFrameworksBuildPhase;
			buildActionMask = 0;
			files = (
				OBJ_49 /* Parsec.framework in Frameworks */,
			);
			runOnlyForDeploymentPostprocessing = 0;
		};
		OBJ_57 /* Frameworks */ = {
			isa = PBXFrameworksBuildPhase;
			buildActionMask = 0;
			files = (
				OBJ_58 /* Parsec.framework in Frameworks */,
			);
			runOnlyForDeploymentPostprocessing = 0;
		};
		OBJ_71 /* Frameworks */ = {
			isa = PBXFrameworksBuildPhase;
			buildActionMask = 0;
			files = (
			);
			runOnlyForDeploymentPostprocessing = 0;
		};
/* End PBXFrameworksBuildPhase section */

/* Begin PBXGroup section */
		OBJ_10 /* example-csv-simple */ = {
			isa = PBXGroup;
			children = (
				OBJ_11 /* main.swift */,
			);
			path = "example-csv-simple";
			sourceTree = SOURCE_ROOT;
		};
		OBJ_12 /* example-json */ = {
			isa = PBXGroup;
			children = (
				OBJ_13 /* main.swift */,
			);
			path = "example-json";
			sourceTree = SOURCE_ROOT;
		};
		OBJ_14 /* Parsec */ = {
			isa = PBXGroup;
			children = (
				OBJ_15 /* Character.swift */,
				OBJ_16 /* Combinator.swift */,
				OBJ_17 /* Compatibility.swift */,
				OBJ_18 /* Error.swift */,
				OBJ_19 /* Primitive.swift */,
				OBJ_20 /* SourcePos.swift */,
				OBJ_21 /* String.swift */,
			);
			path = Parsec;
			sourceTree = SOURCE_ROOT;
		};
		OBJ_22 /* Tests */ = {
			isa = PBXGroup;
			children = (
			);
			path = Tests;
			sourceTree = "<group>";
		};
		OBJ_27 /* Products */ = {
			isa = PBXGroup;
			children = (
				OBJ_28 /* example-csv-advanced */,
				OBJ_29 /* example-csv-simple */,
				OBJ_30 /* example-json */,
				OBJ_31 /* Parsec.framework */,
			);
			name = Products;
			sourceTree = BUILT_PRODUCTS_DIR;
		};
		OBJ_5 /*  */ = {
			isa = PBXGroup;
			children = (
				OBJ_6 /* Package.swift */,
				OBJ_7 /* Sources */,
				OBJ_22 /* Tests */,
				OBJ_23 /* example-csv-advanced */,
				OBJ_24 /* example-csv-simple */,
				OBJ_25 /* example-json */,
				OBJ_26 /* Parsec */,
				OBJ_27 /* Products */,
			);
			name = "";
			sourceTree = "<group>";
		};
		OBJ_7 /* Sources */ = {
			isa = PBXGroup;
			children = (
				OBJ_8 /* example-csv-advanced */,
				OBJ_10 /* example-csv-simple */,
				OBJ_12 /* example-json */,
				OBJ_14 /* Parsec */,
			);
			path = Sources;
			sourceTree = "<group>";
		};
		OBJ_8 /* example-csv-advanced */ = {
			isa = PBXGroup;
			children = (
				OBJ_9 /* main.swift */,
			);
			path = "example-csv-advanced";
			sourceTree = SOURCE_ROOT;
		};
/* End PBXGroup section */

/* Begin PBXNativeTarget section */
		OBJ_32 /* example-csv-advanced */ = {
			isa = PBXNativeTarget;
			buildConfigurationList = OBJ_33 /* Build configuration list for PBXNativeTarget "example-csv-advanced" */;
			buildPhases = (
				OBJ_36 /* Sources */,
				OBJ_38 /* Frameworks */,
			);
			buildRules = (
			);
			dependencies = (
				OBJ_40 /* PBXTargetDependency */,
			);
			name = "example-csv-advanced";
			productName = example_csv_advanced;
			productReference = OBJ_28 /* example-csv-advanced */;
			productType = "com.apple.product-type.tool";
		};
		OBJ_41 /* Parsec */ = {
			isa = PBXNativeTarget;
			buildConfigurationList = OBJ_60 /* Build configuration list for PBXNativeTarget "Parsec" */;
			buildPhases = (
				OBJ_63 /* Sources */,
				OBJ_71 /* Frameworks */,
			);
			buildRules = (
			);
			dependencies = (
			);
			name = Parsec;
			productName = Parsec;
			productReference = OBJ_31 /* Parsec.framework */;
			productType = "com.apple.product-type.framework";
		};
		OBJ_42 /* example-csv-simple */ = {
			isa = PBXNativeTarget;
			buildConfigurationList = OBJ_43 /* Build configuration list for PBXNativeTarget "example-csv-simple" */;
			buildPhases = (
				OBJ_46 /* Sources */,
				OBJ_48 /* Frameworks */,
			);
			buildRules = (
			);
			dependencies = (
				OBJ_50 /* PBXTargetDependency */,
			);
			name = "example-csv-simple";
			productName = example_csv_simple;
			productReference = OBJ_29 /* example-csv-simple */;
			productType = "com.apple.product-type.tool";
		};
		OBJ_51 /* example-json */ = {
			isa = PBXNativeTarget;
			buildConfigurationList = OBJ_52 /* Build configuration list for PBXNativeTarget "example-json" */;
			buildPhases = (
				OBJ_55 /* Sources */,
				OBJ_57 /* Frameworks */,
			);
			buildRules = (
			);
			dependencies = (
				OBJ_59 /* PBXTargetDependency */,
			);
			name = "example-json";
			productName = example_json;
			productReference = OBJ_30 /* example-json */;
			productType = "com.apple.product-type.tool";
		};
/* End PBXNativeTarget section */

/* Begin PBXProject section */
		OBJ_1 /* Project object */ = {
			isa = PBXProject;
			attributes = {
				LastUpgradeCheck = 9999;
			};
			buildConfigurationList = OBJ_2 /* Build configuration list for PBXProject "Parsec" */;
			compatibilityVersion = "Xcode 3.2";
			developmentRegion = English;
			hasScannedForEncodings = 0;
			knownRegions = (
				en,
			);
			mainGroup = OBJ_5 /*  */;
			productRefGroup = OBJ_27 /* Products */;
			projectDirPath = "";
			projectRoot = "";
			targets = (
				OBJ_32 /* example-csv-advanced */,
				OBJ_42 /* example-csv-simple */,
				OBJ_51 /* example-json */,
				OBJ_41 /* Parsec */,
			);
		};
/* End PBXProject section */

/* Begin PBXSourcesBuildPhase section */
		OBJ_36 /* Sources */ = {
			isa = PBXSourcesBuildPhase;
			buildActionMask = 0;
			files = (
				OBJ_37 /* main.swift in Sources */,
			);
			runOnlyForDeploymentPostprocessing = 0;
		};
		OBJ_46 /* Sources */ = {
			isa = PBXSourcesBuildPhase;
			buildActionMask = 0;
			files = (
				OBJ_47 /* main.swift in Sources */,
			);
			runOnlyForDeploymentPostprocessing = 0;
		};
		OBJ_55 /* Sources */ = {
			isa = PBXSourcesBuildPhase;
			buildActionMask = 0;
			files = (
				OBJ_56 /* main.swift in Sources */,
			);
			runOnlyForDeploymentPostprocessing = 0;
		};
		OBJ_63 /* Sources */ = {
			isa = PBXSourcesBuildPhase;
			buildActionMask = 0;
			files = (
				OBJ_64 /* Character.swift in Sources */,
				OBJ_65 /* Combinator.swift in Sources */,
				OBJ_66 /* Compatibility.swift in Sources */,
				OBJ_67 /* Error.swift in Sources */,
				OBJ_68 /* Primitive.swift in Sources */,
				OBJ_69 /* SourcePos.swift in Sources */,
				OBJ_70 /* String.swift in Sources */,
			);
			runOnlyForDeploymentPostprocessing = 0;
		};
/* End PBXSourcesBuildPhase section */

/* Begin PBXTargetDependency section */
		OBJ_40 /* PBXTargetDependency */ = {
			isa = PBXTargetDependency;
			target = OBJ_41 /* Parsec */;
			targetProxy = D8868E581E1ED499008FA7DD /* PBXContainerItemProxy */;
		};
		OBJ_50 /* PBXTargetDependency */ = {
			isa = PBXTargetDependency;
			target = OBJ_41 /* Parsec */;
			targetProxy = D8868E591E1ED499008FA7DD /* PBXContainerItemProxy */;
		};
		OBJ_59 /* PBXTargetDependency */ = {
			isa = PBXTargetDependency;
			target = OBJ_41 /* Parsec */;
			targetProxy = D8868E5A1E1ED499008FA7DD /* PBXContainerItemProxy */;
		};
/* End PBXTargetDependency section */

/* Begin XCBuildConfiguration section */
		OBJ_3 /* Debug */ = {
			isa = XCBuildConfiguration;
			buildSettings = {
				COMBINE_HIDPI_IMAGES = YES;
				COPY_PHASE_STRIP = NO;
				DEBUG_INFORMATION_FORMAT = dwarf;
				DYLIB_INSTALL_NAME_BASE = "@rpath";
				ENABLE_NS_ASSERTIONS = YES;
				GCC_OPTIMIZATION_LEVEL = 0;
				MACOSX_DEPLOYMENT_TARGET = 10.10;
				ONLY_ACTIVE_ARCH = YES;
				OTHER_SWIFT_FLAGS = "-DXcode";
				PRODUCT_NAME = "$(TARGET_NAME)";
				SDKROOT = macosx;
				SUPPORTED_PLATFORMS = "macosx iphoneos iphonesimulator appletvos appletvsimulator watchos watchsimulator";
				SWIFT_ACTIVE_COMPILATION_CONDITIONS = SWIFT_PACKAGE;
				SWIFT_OPTIMIZATION_LEVEL = "-Onone";
				SWIFT_VERSION = 3.0;
				USE_HEADERMAP = NO;
			};
			name = Debug;
		};
		OBJ_34 /* Debug */ = {
			isa = XCBuildConfiguration;
			buildSettings = {
				FRAMEWORK_SEARCH_PATHS = (
					"$(inherited)",
					"$(PLATFORM_DIR)/Developer/Library/Frameworks",
				);
				HEADER_SEARCH_PATHS = "$(inherited)";
				INFOPLIST_FILE = Parsec.xcodeproj/example_csv_advanced_Info.plist;
				LD_RUNPATH_SEARCH_PATHS = "$(TOOLCHAIN_DIR)/usr/lib/swift/macosx @executable_path";
				OTHER_LDFLAGS = "$(inherited)";
				OTHER_SWIFT_FLAGS = "$(inherited)";
				SWIFT_FORCE_DYNAMIC_LINK_STDLIB = YES;
				SWIFT_FORCE_STATIC_LINK_STDLIB = NO;
				TARGET_NAME = "example-csv-advanced";
			};
			name = Debug;
		};
		OBJ_35 /* Release */ = {
			isa = XCBuildConfiguration;
			buildSettings = {
				FRAMEWORK_SEARCH_PATHS = (
					"$(inherited)",
					"$(PLATFORM_DIR)/Developer/Library/Frameworks",
				);
				HEADER_SEARCH_PATHS = "$(inherited)";
				INFOPLIST_FILE = Parsec.xcodeproj/example_csv_advanced_Info.plist;
				LD_RUNPATH_SEARCH_PATHS = "$(TOOLCHAIN_DIR)/usr/lib/swift/macosx @executable_path";
				OTHER_LDFLAGS = "$(inherited)";
				OTHER_SWIFT_FLAGS = "$(inherited)";
				SWIFT_FORCE_DYNAMIC_LINK_STDLIB = YES;
				SWIFT_FORCE_STATIC_LINK_STDLIB = NO;
				TARGET_NAME = "example-csv-advanced";
			};
			name = Release;
		};
		OBJ_4 /* Release */ = {
			isa = XCBuildConfiguration;
			buildSettings = {
				COMBINE_HIDPI_IMAGES = YES;
				COPY_PHASE_STRIP = YES;
				DEBUG_INFORMATION_FORMAT = "dwarf-with-dsym";
				DYLIB_INSTALL_NAME_BASE = "@rpath";
				GCC_OPTIMIZATION_LEVEL = s;
				MACOSX_DEPLOYMENT_TARGET = 10.10;
				OTHER_SWIFT_FLAGS = "-DXcode";
				PRODUCT_NAME = "$(TARGET_NAME)";
				SDKROOT = macosx;
				SUPPORTED_PLATFORMS = "macosx iphoneos iphonesimulator appletvos appletvsimulator watchos watchsimulator";
				SWIFT_ACTIVE_COMPILATION_CONDITIONS = SWIFT_PACKAGE;
				SWIFT_OPTIMIZATION_LEVEL = "-O";
				SWIFT_VERSION = 3.0;
				USE_HEADERMAP = NO;
			};
			name = Release;
		};
		OBJ_44 /* Debug */ = {
			isa = XCBuildConfiguration;
			buildSettings = {
				FRAMEWORK_SEARCH_PATHS = (
					"$(inherited)",
					"$(PLATFORM_DIR)/Developer/Library/Frameworks",
				);
				HEADER_SEARCH_PATHS = "$(inherited)";
				INFOPLIST_FILE = Parsec.xcodeproj/example_csv_simple_Info.plist;
				LD_RUNPATH_SEARCH_PATHS = "$(TOOLCHAIN_DIR)/usr/lib/swift/macosx @executable_path";
				OTHER_LDFLAGS = "$(inherited)";
				OTHER_SWIFT_FLAGS = "$(inherited)";
				SWIFT_FORCE_DYNAMIC_LINK_STDLIB = YES;
				SWIFT_FORCE_STATIC_LINK_STDLIB = NO;
				TARGET_NAME = "example-csv-simple";
			};
			name = Debug;
		};
		OBJ_45 /* Release */ = {
			isa = XCBuildConfiguration;
			buildSettings = {
				FRAMEWORK_SEARCH_PATHS = (
					"$(inherited)",
					"$(PLATFORM_DIR)/Developer/Library/Frameworks",
				);
				HEADER_SEARCH_PATHS = "$(inherited)";
				INFOPLIST_FILE = Parsec.xcodeproj/example_csv_simple_Info.plist;
				LD_RUNPATH_SEARCH_PATHS = "$(TOOLCHAIN_DIR)/usr/lib/swift/macosx @executable_path";
				OTHER_LDFLAGS = "$(inherited)";
				OTHER_SWIFT_FLAGS = "$(inherited)";
				SWIFT_FORCE_DYNAMIC_LINK_STDLIB = YES;
				SWIFT_FORCE_STATIC_LINK_STDLIB = NO;
				TARGET_NAME = "example-csv-simple";
			};
			name = Release;
		};
		OBJ_53 /* Debug */ = {
			isa = XCBuildConfiguration;
			buildSettings = {
				FRAMEWORK_SEARCH_PATHS = (
					"$(inherited)",
					"$(PLATFORM_DIR)/Developer/Library/Frameworks",
				);
				HEADER_SEARCH_PATHS = "$(inherited)";
				INFOPLIST_FILE = Parsec.xcodeproj/example_json_Info.plist;
				LD_RUNPATH_SEARCH_PATHS = "$(TOOLCHAIN_DIR)/usr/lib/swift/macosx @executable_path";
				OTHER_LDFLAGS = "$(inherited)";
				OTHER_SWIFT_FLAGS = "$(inherited)";
				SWIFT_FORCE_DYNAMIC_LINK_STDLIB = YES;
				SWIFT_FORCE_STATIC_LINK_STDLIB = NO;
				TARGET_NAME = "example-json";
			};
			name = Debug;
		};
		OBJ_54 /* Release */ = {
			isa = XCBuildConfiguration;
			buildSettings = {
				FRAMEWORK_SEARCH_PATHS = (
					"$(inherited)",
					"$(PLATFORM_DIR)/Developer/Library/Frameworks",
				);
				HEADER_SEARCH_PATHS = "$(inherited)";
				INFOPLIST_FILE = Parsec.xcodeproj/example_json_Info.plist;
				LD_RUNPATH_SEARCH_PATHS = "$(TOOLCHAIN_DIR)/usr/lib/swift/macosx @executable_path";
				OTHER_LDFLAGS = "$(inherited)";
				OTHER_SWIFT_FLAGS = "$(inherited)";
				SWIFT_FORCE_DYNAMIC_LINK_STDLIB = YES;
				SWIFT_FORCE_STATIC_LINK_STDLIB = NO;
				TARGET_NAME = "example-json";
			};
			name = Release;
		};
		OBJ_61 /* Debug */ = {
			isa = XCBuildConfiguration;
			buildSettings = {
				ENABLE_TESTABILITY = YES;
				FRAMEWORK_SEARCH_PATHS = (
					"$(inherited)",
					"$(PLATFORM_DIR)/Developer/Library/Frameworks",
				);
				HEADER_SEARCH_PATHS = "$(inherited)";
				INFOPLIST_FILE = Parsec.xcodeproj/Parsec_Info.plist;
				LD_RUNPATH_SEARCH_PATHS = "$(TOOLCHAIN_DIR)/usr/lib/swift/macosx";
				OTHER_LDFLAGS = "$(inherited)";
				OTHER_SWIFT_FLAGS = "$(inherited)";
				PRODUCT_BUNDLE_IDENTIFIER = Parsec;
				PRODUCT_MODULE_NAME = "$(TARGET_NAME:c99extidentifier)";
				PRODUCT_NAME = "$(TARGET_NAME:c99extidentifier)";
				TARGET_NAME = Parsec;
			};
			name = Debug;
		};
		OBJ_62 /* Release */ = {
			isa = XCBuildConfiguration;
			buildSettings = {
				ENABLE_TESTABILITY = YES;
				FRAMEWORK_SEARCH_PATHS = (
					"$(inherited)",
					"$(PLATFORM_DIR)/Developer/Library/Frameworks",
				);
				HEADER_SEARCH_PATHS = "$(inherited)";
				INFOPLIST_FILE = Parsec.xcodeproj/Parsec_Info.plist;
				LD_RUNPATH_SEARCH_PATHS = "$(TOOLCHAIN_DIR)/usr/lib/swift/macosx";
				OTHER_LDFLAGS = "$(inherited)";
				OTHER_SWIFT_FLAGS = "$(inherited)";
				PRODUCT_BUNDLE_IDENTIFIER = Parsec;
				PRODUCT_MODULE_NAME = "$(TARGET_NAME:c99extidentifier)";
				PRODUCT_NAME = "$(TARGET_NAME:c99extidentifier)";
				TARGET_NAME = Parsec;
			};
			name = Release;
		};
/* End XCBuildConfiguration section */

/* Begin XCConfigurationList section */
		OBJ_2 /* Build configuration list for PBXProject "Parsec" */ = {
			isa = XCConfigurationList;
			buildConfigurations = (
				OBJ_3 /* Debug */,
				OBJ_4 /* Release */,
			);
			defaultConfigurationIsVisible = 0;
			defaultConfigurationName = Debug;
		};
		OBJ_33 /* Build configuration list for PBXNativeTarget "example-csv-advanced" */ = {
			isa = XCConfigurationList;
			buildConfigurations = (
				OBJ_34 /* Debug */,
				OBJ_35 /* Release */,
			);
			defaultConfigurationIsVisible = 0;
			defaultConfigurationName = Debug;
		};
		OBJ_43 /* Build configuration list for PBXNativeTarget "example-csv-simple" */ = {
			isa = XCConfigurationList;
			buildConfigurations = (
				OBJ_44 /* Debug */,
				OBJ_45 /* Release */,
			);
			defaultConfigurationIsVisible = 0;
			defaultConfigurationName = Debug;
		};
		OBJ_52 /* Build configuration list for PBXNativeTarget "example-json" */ = {
			isa = XCConfigurationList;
			buildConfigurations = (
				OBJ_53 /* Debug */,
				OBJ_54 /* Release */,
			);
			defaultConfigurationIsVisible = 0;
			defaultConfigurationName = Debug;
		};
		OBJ_60 /* Build configuration list for PBXNativeTarget "Parsec" */ = {
			isa = XCConfigurationList;
			buildConfigurations = (
				OBJ_61 /* Debug */,
				OBJ_62 /* Release */,
			);
			defaultConfigurationIsVisible = 0;
			defaultConfigurationName = Debug;
		};
/* End XCConfigurationList section */
	};
	rootObject = OBJ_1 /* Project object */;
}
